PODS:
  - CocoaAsyncSocket (7.6.5)
  - CocoaLumberjack (3.0.0):
    - CocoaLumberjack/Default (= 3.0.0)
    - CocoaLumberjack/Extensions (= 3.0.0)
  - CocoaLumberjack/Core (3.0.0)
  - CocoaLumberjack/Default (3.0.0):
    - CocoaLumberjack/Core
  - CocoaLumberjack/Extensions (3.0.0):
    - CocoaLumberjack/Default
  - QTDLNA (0.1.9):
    - CocoaAsyncSocket
    - CocoaLumberjack (~> 3.0.0)

DEPENDENCIES:
  - QTDLNA (from `../`)

SPEC REPOS:
  trunk:
    - CocoaAsyncSocket
    - CocoaLumberjack

EXTERNAL SOURCES:
  QTDLNA:
    :path: "../"

SPEC CHECKSUMS:
  CocoaAsyncSocket: 065fd1e645c7abab64f7a6a2007a48038fdc6a99
  CocoaLumberjack: c823149bccc5519a9447aeb433be7b1212a7d6a5
  QTDLNA: 80a038764112bad701682108609b93952bce2b57

PODFILE CHECKSUM: 51b82aa66541835e030cde0d632cb960123f5397

COCOAPODS: 1.11.0
